
Microsoft Visual Studio Solution File, Format Version 12.00
# Visual Studio Version 16
VisualStudioVersion = 16.0.29709.97
MinimumVisualStudioVersion = 10.0.40219.1
Project("{FAE04EC0-301F-11D3-BF4B-00C04F79EFBC}") = "OverlayLayout.Android", "OverlayLayout\OverlayLayout.Android\OverlayLayout.Android.csproj", "{545C10A9-745C-45A3-B8A9-090D54641922}"
EndProject
Project("{FAE04EC0-301F-11D3-BF4B-00C04F79EFBC}") = "OverlayLayout.iOS", "OverlayLayout\OverlayLayout.iOS\OverlayLayout.iOS.csproj", "{0620996B-E6DD-45FA-A09B-7161925B29F2}"
EndProject
Project("{FAE04EC0-301F-11D3-BF4B-00C04F79EFBC}") = "OverlayLayout", "OverlayLayout\OverlayLayout\OverlayLayout.csproj", "{D6DD719A-BA86-4B22-8789-A8C515520E2A}"
EndProject
Global
	GlobalSection(SolutionConfigurationPlatforms) = preSolution
		Debug|Any CPU = Debug|Any CPU
		Debug|iPhone = Debug|iPhone
		Debug|iPhoneSimulator = Debug|iPhoneSimulator
		Release|Any CPU = Release|Any CPU
		Release|iPhone = Release|iPhone
		Release|iPhoneSimulator = Release|iPhoneSimulator
	EndGlobalSection
	GlobalSection(ProjectConfigurationPlatforms) = postSolution
		{545C10A9-745C-45A3-B8A9-090D54641922}.Debug|Any CPU.ActiveCfg = Debug|Any CPU
		{545C10A9-745C-45A3-B8A9-090D54641922}.Debug|Any CPU.Build.0 = Debug|Any CPU
		{545C10A9-745C-45A3-B8A9-090D54641922}.Debug|Any CPU.Deploy.0 = Debug|Any CPU
		{545C10A9-745C-45A3-B8A9-090D54641922}.Debug|iPhone.ActiveCfg = Debug|Any CPU
		{545C10A9-745C-45A3-B8A9-090D54641922}.Debug|iPhone.Build.0 = Debug|Any CPU
		{545C10A9-745C-45A3-B8A9-090D54641922}.Debug|iPhone.Deploy.0 = Debug|Any CPU
		{545C10A9-745C-45A3-B8A9-090D54641922}.Debug|iPhoneSimulator.ActiveCfg = Debug|Any CPU
		{545C10A9-745C-45A3-B8A9-090D54641922}.Debug|iPhoneSimulator.Build.0 = Debug|Any CPU
		{545C10A9-745C-45A3-B8A9-090D54641922}.Debug|iPhoneSimulator.Deploy.0 = Debug|Any CPU
		{545C10A9-745C-45A3-B8A9-090D54641922}.Release|Any CPU.ActiveCfg = Release|Any CPU
		{545C10A9-745C-45A3-B8A9-090D54641922}.Release|Any CPU.Build.0 = Release|Any CPU
		{545C10A9-745C-45A3-B8A9-090D54641922}.Release|Any CPU.Deploy.0 = Release|Any CPU
		{545C10A9-745C-45A3-B8A9-090D54641922}.Release|iPhone.ActiveCfg = Release|Any CPU
		{545C10A9-745C-45A3-B8A9-090D54641922}.Release|iPhone.Build.0 = Release|Any CPU
		{545C10A9-745C-45A3-B8A9-090D54641922}.Release|iPhone.Deploy.0 = Release|Any CPU
		{545C10A9-745C-45A3-B8A9-090D54641922}.Release|iPhoneSimulator.ActiveCfg = Release|Any CPU
		{545C10A9-745C-45A3-B8A9-090D54641922}.Release|iPhoneSimulator.Build.0 = Release|Any CPU
		{545C10A9-745C-45A3-B8A9-090D54641922}.Release|iPhoneSimulator.Deploy.0 = Release|Any CPU
		{0620996B-E6DD-45FA-A09B-7161925B29F2}.Debug|Any CPU.ActiveCfg = Debug|iPhoneSimulator
		{0620996B-E6DD-45FA-A09B-7161925B29F2}.Debug|Any CPU.Build.0 = Debug|iPhoneSimulator
		{0620996B-E6DD-45FA-A09B-7161925B29F2}.Debug|Any CPU.Deploy.0 = Debug|iPhoneSimulator
		{0620996B-E6DD-45FA-A09B-7161925B29F2}.Debug|iPhone.ActiveCfg = Debug|iPhone
		{0620996B-E6DD-45FA-A09B-7161925B29F2}.Debug|iPhone.Build.0 = Debug|iPhone
		{0620996B-E6DD-45FA-A09B-7161925B29F2}.Debug|iPhone.Deploy.0 = Debug|iPhone
		{0620996B-E6DD-45FA-A09B-7161925B29F2}.Debug|iPhoneSimulator.ActiveCfg = Debug|iPhoneSimulator
		{0620996B-E6DD-45FA-A09B-7161925B29F2}.Debug|iPhoneSimulator.Build.0 = Debug|iPhoneSimulator
		{0620996B-E6DD-45FA-A09B-7161925B29F2}.Debug|iPhoneSimulator.Deploy.0 = Debug|iPhoneSimulator
		{0620996B-E6DD-45FA-A09B-7161925B29F2}.Release|Any CPU.ActiveCfg = Release|iPhone
		{0620996B-E6DD-45FA-A09B-7161925B29F2}.Release|Any CPU.Build.0 = Release|iPhone
		{0620996B-E6DD-45FA-A09B-7161925B29F2}.Release|Any CPU.Deploy.0 = Release|iPhone
		{0620996B-E6DD-45FA-A09B-7161925B29F2}.Release|iPhone.ActiveCfg = Release|iPhone
		{0620996B-E6DD-45FA-A09B-7161925B29F2}.Release|iPhone.Build.0 = Release|iPhone
		{0620996B-E6DD-45FA-A09B-7161925B29F2}.Release|iPhone.Deploy.0 = Release|iPhone
		{0620996B-E6DD-45FA-A09B-7161925B29F2}.Release|iPhoneSimulator.ActiveCfg = Release|iPhoneSimulator
		{0620996B-E6DD-45FA-A09B-7161925B29F2}.Release|iPhoneSimulator.Build.0 = Release|iPhoneSimulator
		{0620996B-E6DD-45FA-A09B-7161925B29F2}.Release|iPhoneSimulator.Deploy.0 = Release|iPhoneSimulator
		{D6DD719A-BA86-4B22-8789-A8C515520E2A}.Debug|Any CPU.ActiveCfg = Debug|Any CPU
		{D6DD719A-BA86-4B22-8789-A8C515520E2A}.Debug|Any CPU.Build.0 = Debug|Any CPU
		{D6DD719A-BA86-4B22-8789-A8C515520E2A}.Debug|Any CPU.Deploy.0 = Debug|Any CPU
		{D6DD719A-BA86-4B22-8789-A8C515520E2A}.Debug|iPhone.ActiveCfg = Debug|Any CPU
		{D6DD719A-BA86-4B22-8789-A8C515520E2A}.Debug|iPhone.Build.0 = Debug|Any CPU
		{D6DD719A-BA86-4B22-8789-A8C515520E2A}.Debug|iPhone.Deploy.0 = Debug|Any CPU
		{D6DD719A-BA86-4B22-8789-A8C515520E2A}.Debug|iPhoneSimulator.ActiveCfg = Debug|Any CPU
		{D6DD719A-BA86-4B22-8789-A8C515520E2A}.Debug|iPhoneSimulator.Build.0 = Debug|Any CPU
		{D6DD719A-BA86-4B22-8789-A8C515520E2A}.Debug|iPhoneSimulator.Deploy.0 = Debug|Any CPU
		{D6DD719A-BA86-4B22-8789-A8C515520E2A}.Release|Any CPU.ActiveCfg = Release|Any CPU
		{D6DD719A-BA86-4B22-8789-A8C515520E2A}.Release|Any CPU.Build.0 = Release|Any CPU
		{D6DD719A-BA86-4B22-8789-A8C515520E2A}.Release|Any CPU.Deploy.0 = Release|Any CPU
		{D6DD719A-BA86-4B22-8789-A8C515520E2A}.Release|iPhone.ActiveCfg = Release|Any CPU
		{D6DD719A-BA86-4B22-8789-A8C515520E2A}.Release|iPhone.Build.0 = Release|Any CPU
		{D6DD719A-BA86-4B22-8789-A8C515520E2A}.Release|iPhone.Deploy.0 = Release|Any CPU
		{D6DD719A-BA86-4B22-8789-A8C515520E2A}.Release|iPhoneSimulator.ActiveCfg = Release|Any CPU
		{D6DD719A-BA86-4B22-8789-A8C515520E2A}.Release|iPhoneSimulator.Build.0 = Release|Any CPU
		{D6DD719A-BA86-4B22-8789-A8C515520E2A}.Release|iPhoneSimulator.Deploy.0 = Release|Any CPU
	EndGlobalSection
	GlobalSection(SolutionProperties) = preSolution
		HideSolutionNode = FALSE
	EndGlobalSection
	GlobalSection(ExtensibilityGlobals) = postSolution
		SolutionGuid = {C9EF3EE3-59FF-44E5-8A5F-CC62CF4D7DE0}
	EndGlobalSection
EndGlobal
